// !$*UTF8*$!
{
	archiveVersion = 1;
	classes = {
	};
	objectVersion = 77;
	objects = {

/* Begin PBXBuildFile section */
		D15136B0306F1E62006A499C /* FinixTapToPaySDK in Frameworks */ = {isa = PBXBuildFile; productRef = D15136AF306F1E62006A499C /* FinixTapToPaySDK */; };
/* End PBXBuildFile section */

/* Begin PBXContainerItemProxy section */
		D1A7D0B82D41CD0400C00503 /* PBXContainerItemProxy */ = {
			isa = PBXContainerItemProxy;
			containerPortal = D1A7D09F2D41CD0300C00503 /* Project object */;
			proxyType = 1;
			remoteGlobalIDString = D1A7D0A62D41CD0300C00503;
			remoteInfo = FinixTapToPaySDKDemo;
		};
		D1A7D0C22D41CD0500C00503 /* PBXContainerItemProxy */ = {
			isa = PBXContainerItemProxy;
			containerPortal = D1A7D09F2D41CD0300C00503 /* Project object */;
			proxyType = 1;
			remoteGlobalIDString = D1A7D0A62D41CD0300C00503;
			remoteInfo = FinixTapToPaySDKDemo;
		};
/* End PBXContainerItemProxy section */

/* Begin PBXFileReference section */
		D1A7D0A72D41CD0300C00503 /* FinixTapToPaySDKDemo.app */ = {isa = PBXFileReference; explicitFileType = wrapper.application; includeInIndex = 0; path = FinixTapToPaySDKDemo.app; sourceTree = BUILT_PRODUCTS_DIR; };
		D1A7D0B72D41CD0400C00503 /* FinixTapToPaySDKDemoTests.xctest */ = {isa = PBXFileReference; explicitFileType = wrapper.cfbundle; includeInIndex = 0; path = FinixTapToPaySDKDemoTests.xctest; sourceTree = BUILT_PRODUCTS_DIR; };
		D1A7D0C12D41CD0500C00503 /* FinixTapToPaySDKDemoUITests.xctest */ = {isa = PBXFileReference; explicitFileType = wrapper.cfbundle; includeInIndex = 0; path = FinixTapToPaySDKDemoUITests.xctest; sourceTree = BUILT_PRODUCTS_DIR; };
/* End PBXFileReference section */

/* Begin PBXFileSystemSynchronizedBuildFileExceptionSet section */
		D18BAF482D7AAA2300088BA2 /* Exceptions for "FinixTapToPaySDKDemo" folder in "FinixTapToPaySDKDemo" target */ = {
			isa = PBXFileSystemSynchronizedBuildFileExceptionSet;
			membershipExceptions = (
				Info.plist,
			);
			target = D1A7D0A62D41CD0300C00503 /* FinixTapToPaySDKDemo */;
		};
/* End PBXFileSystemSynchronizedBuildFileExceptionSet section */

/* Begin PBXFileSystemSynchronizedRootGroup section */
		D1A7D0A92D41CD0300C00503 /* FinixTapToPaySDKDemo */ = {
			isa = PBXFileSystemSynchronizedRootGroup;
			exceptions = (
				D18BAF482D7AAA2300088BA2 /* Exceptions for "FinixTapToPaySDKDemo" folder in "FinixTapToPaySDKDemo" target */,
			);
			path = FinixTapToPaySDKDemo;
			sourceTree = "<group>";
		};
		D1A7D0BA2D41CD0400C00503 /* FinixTapToPaySDKDemoTests */ = {
			isa = PBXFileSystemSynchronizedRootGroup;
			path = FinixTapToPaySDKDemoTests;
			sourceTree = "<group>";
		};
		D1A7D0C42D41CD0500C00503 /* FinixTapToPaySDKDemoUITests */ = {
			isa = PBXFileSystemSynchronizedRootGroup;
			path = FinixTapToPaySDKDemoUITests;
			sourceTree = "<group>";
		};
/* End PBXFileSystemSynchronizedRootGroup section */

/* Begin PBXFrameworksBuildPhase section */
		D1A7D0A42D41CD0300C00503 /* Frameworks */ = {
			isa = PBXFrameworksBuildPhase;
			buildActionMask = 2147483647;
			files = (
				D15136B0306F1E62006A499C /* FinixTapToPaySDK in Frameworks */,
			);
			runOnlyForDeploymentPostprocessing = 0;
		};
		D1A7D0B42D41CD0400C00503 /* Frameworks */ = {
			isa = PBXFrameworksBuildPhase;
			buildActionMask = 2147483647;
			files = (
			);
			runOnlyForDeploymentPostprocessing = 0;
		};
		D1A7D0BE2D41CD0500C00503 /* Frameworks */ = {
			isa = PBXFrameworksBuildPhase;
			buildActionMask = 2147483647;
			files = (
			);
			runOnlyForDeploymentPostprocessing = 0;
		};
/* End PBXFrameworksBuildPhase section */

/* Begin PBXGroup section */
		D1A7D09E2D41CD0300C00503 = {
			isa = PBXGroup;
			children = (
				D1A7D0A92D41CD0300C00503 /* FinixTapToPaySDKDemo */,
				D1A7D0BA2D41CD0400C00503 /* FinixTapToPaySDKDemoTests */,
				D1A7D0C42D41CD0500C00503 /* FinixTapToPaySDKDemoUITests */,
				D1A7D0A82D41CD0300C00503 /* Products */,
			);
			sourceTree = "<group>";
		};
		D1A7D0A82D41CD0300C00503 /* Products */ = {
			isa = PBXGroup;
			children = (
				D1A7D0A72D41CD0300C00503 /* FinixTapToPaySDKDemo.app */,
				D1A7D0B72D41CD0400C00503 /* FinixTapToPaySDKDemoTests.xctest */,
				D1A7D0C12D41CD0500C00503 /* FinixTapToPaySDKDemoUITests.xctest */,
			);
			name = Products;
			sourceTree = "<group>";
		};
/* End PBXGroup section */

/* Begin PBXNativeTarget section */
		D1A7D0A62D41CD0300C00503 /* FinixTapToPaySDKDemo */ = {
			isa = PBXNativeTarget;
			buildConfigurationList = D1A7D0CB2D41CD0500C00503 /* Build configuration list for PBXNativeTarget "FinixTapToPaySDKDemo" */;
			buildPhases = (
				D1A7D0A32D41CD0300C00503 /* Sources */,
				D1A7D0A42D41CD0300C00503 /* Frameworks */,
				D1A7D0A52D41CD0300C00503 /* Resources */,
			);
			buildRules = (
			);
			dependencies = (
			);
			fileSystemSynchronizedGroups = (
				D1A7D0A92D41CD0300C00503 /* FinixTapToPaySDKDemo */,
			);
			name = FinixTapToPaySDKDemo;
			packageProductDependencies = (
				D15136AF306F1E62006A499C /* FinixTapToPaySDK */,
			);
			productName = FinixTapToPaySDKDemo;
			productReference = D1A7D0A72D41CD0300C00503 /* FinixTapToPaySDKDemo.app */;
			productType = "com.apple.product-type.application";
		};
		D1A7D0B62D41CD0400C00503 /* FinixTapToPaySDKDemoTests */ = {
			isa = PBXNativeTarget;
			buildConfigurationList = D1A7D0CE2D41CD0500C00503 /* Build configuration list for PBXNativeTarget "FinixTapToPaySDKDemoTests" */;
			buildPhases = (
				D1A7D0B32D41CD0400C00503 /* Sources */,
				D1A7D0B42D41CD0400C00503 /* Frameworks */,
				D1A7D0B52D41CD0400C00503 /* Resources */,
			);
			buildRules = (
			);
			dependencies = (
				D1A7D0B92D41CD0400C00503 /* PBXTargetDependency */,
			);
			fileSystemSynchronizedGroups = (
				D1A7D0BA2D41CD0400C00503 /* FinixTapToPaySDKDemoTests */,
			);
			name = FinixTapToPaySDKDemoTests;
			packageProductDependencies = (
			);
			productName = FinixTapToPaySDKDemoTests;
			productReference = D1A7D0B72D41CD0400C00503 /* FinixTapToPaySDKDemoTests.xctest */;
			productType = "com.apple.product-type.bundle.unit-test";
		};
		D1A7D0C02D41CD0500C00503 /* FinixTapToPaySDKDemoUITests */ = {
			isa = PBXNativeTarget;
			buildConfigurationList = D1A7D0D12D41CD0500C00503 /* Build configuration list for PBXNativeTarget "FinixTapToPaySDKDemoUITests" */;
			buildPhases = (
				D1A7D0BD2D41CD0500C00503 /* Sources */,
				D1A7D0BE2D41CD0500C00503 /* Frameworks */,
				D1A7D0BF2D41CD0500C00503 /* Resources */,
			);
			buildRules = (
			);
			dependencies = (
				D1A7D0C32D41CD0500C00503 /* PBXTargetDependency */,
			);
			fileSystemSynchronizedGroups = (
				D1A7D0C42D41CD0500C00503 /* FinixTapToPaySDKDemoUITests */,
			);
			name = FinixTapToPaySDKDemoUITests;
			packageProductDependencies = (
			);
			productName = FinixTapToPaySDKDemoUITests;
			productReference = D1A7D0C12D41CD0500C00503 /* FinixTapToPaySDKDemoUITests.xctest */;
			productType = "com.apple.product-type.bundle.ui-testing";
		};
/* End PBXNativeTarget section */

/* Begin PBXProject section */
		D1A7D09F2D41CD0300C00503 /* Project object */ = {
			isa = PBXProject;
			attributes = {
				BuildIndependentTargetsInParallel = 1;
				LastSwiftUpdateCheck = 1620;
				LastUpgradeCheck = 1620;
				TargetAttributes = {
					D1A7D0A62D41CD0300C00503 = {
						CreatedOnToolsVersion = 16.2;
					};
					D1A7D0B62D41CD0400C00503 = {
						CreatedOnToolsVersion = 16.2;
						TestTargetID = D1A7D0A62D41CD0300C00503;
					};
					D1A7D0C02D41CD0500C00503 = {
						CreatedOnToolsVersion = 16.2;
						TestTargetID = D1A7D0A62D41CD0300C00503;
					};
				};
			};
			buildConfigurationList = D1A7D0A22D41CD0300C00503 /* Build configuration list for PBXProject "FinixTapToPaySDKDemo" */;
			developmentRegion = en;
			hasScannedForEncodings = 0;
			knownRegions = (
				en,
				Base,
			);
			mainGroup = D1A7D09E2D41CD0300C00503;
			minimizedProjectReferenceProxies = 1;
			packageReferences = (
				D15136AE306F1E62006A499C /* XCRemoteSwiftPackageReference "finix-taptopay-ios-sdk" */,
			);
			preferredProjectObjectVersion = 77;
			productRefGroup = D1A7D0A82D41CD0300C00503 /* Products */;
			projectDirPath = "";
			projectRoot = "";
			targets = (
				D1A7D0A62D41CD0300C00503 /* FinixTapToPaySDKDemo */,
				D1A7D0B62D41CD0400C00503 /* FinixTapToPaySDKDemoTests */,
				D1A7D0C02D41CD0500C00503 /* FinixTapToPaySDKDemoUITests */,
			);
		};
/* End PBXProject section */

/* Begin PBXResourcesBuildPhase section */
		D1A7D0A52D41CD0300C00503 /* Resources */ = {
			isa = PBXResourcesBuildPhase;
			buildActionMask = 2147483647;
			files = (
			);
			runOnlyForDeploymentPostprocessing = 0;
		};
		D1A7D0B52D41CD0400C00503 /* Resources */ = {
			isa = PBXResourcesBuildPhase;
			buildActionMask = 2147483647;
			files = (
			);
			runOnlyForDeploymentPostprocessing = 0;
		};
		D1A7D0BF2D41CD0500C00503 /* Resources */ = {
			isa = PBXResourcesBuildPhase;
			buildActionMask = 2147483647;
			files = (
			);
			runOnlyForDeploymentPostprocessing = 0;
		};
/* End PBXResourcesBuildPhase section */

/* Begin PBXSourcesBuildPhase section */
		D1A7D0A32D41CD0300C00503 /* Sources */ = {
			isa = PBXSourcesBuildPhase;
			buildActionMask = 2147483647;
			files = (
			);
			runOnlyForDeploymentPostprocessing = 0;
		};
		D1A7D0B32D41CD0400C00503 /* Sources */ = {
			isa = PBXSourcesBuildPhase;
			buildActionMask = 2147483647;
			files = (
			);
			runOnlyForDeploymentPostprocessing = 0;
		};
		D1A7D0BD2D41CD0500C00503 /* Sources */ = {
			isa = PBXSourcesBuildPhase;
			buildActionMask = 2147483647;
			files = (
			);
			runOnlyForDeploymentPostprocessing = 0;
		};
/* End PBXSourcesBuildPhase section */

/* Begin PBXTargetDependency section */
		D1A7D0B92D41CD0400C00503 /* PBXTargetDependency */ = {
			isa = PBXTargetDependency;
			target = D1A7D0A62D41CD0300C00503 /* FinixTapToPaySDKDemo */;
			targetProxy = D1A7D0B82D41CD0400C00503 /* PBXContainerItemProxy */;
		};
		D1A7D0C32D41CD0500C00503 /* PBXTargetDependency */ = {
			isa = PBXTargetDependency;
			target = D1A7D0A62D41CD0300C00503 /* FinixTapToPaySDKDemo */;
			targetProxy = D1A7D0C22D41CD0500C00503 /* PBXContainerItemProxy */;
		};
/* End PBXTargetDependency section */

/* Begin XCBuildConfiguration section */
		D1A7D0C92D41CD0500C00503 /* Debug */ = {
			isa = XCBuildConfiguration;
			buildSettings = {
				ALWAYS_SEARCH_USER_PATHS = NO;
				ASSETCATALOG_COMPILER_GENERATE_SWIFT_ASSET_SYMBOL_EXTENSIONS = YES;
				CLANG_ANALYZER_NONNULL = YES;
				CLANG_ANALYZER_NUMBER_OBJECT_CONVERSION = YES_AGGRESSIVE;
				CLANG_CXX_LANGUAGE_STANDARD = "gnu++20";
				CLANG_ENABLE_MODULES = YES;
				CLANG_ENABLE_OBJC_ARC = YES;
				CLANG_ENABLE_OBJC_WEAK = YES;
				CLANG_WARN_BLOCK_CAPTURE_AUTORELEASING = YES;
				CLANG_WARN_BOOL_CONVERSION = YES;
				CLANG_WARN_COMMA = YES;
				CLANG_WARN_CONSTANT_CONVERSION = YES;
				CLANG_WARN_DEPRECATED_OBJC_IMPLEMENTATIONS = YES;
				CLANG_WARN_DIRECT_OBJC_ISA_USAGE = YES_ERROR;
				CLANG_WARN_DOCUMENTATION_COMMENTS = YES;
				CLANG_WARN_EMPTY_BODY = YES;
				CLANG_WARN_ENUM_CONVERSION = YES;
				CLANG_WARN_INFINITE_RECURSION = YES;
				CLANG_WARN_INT_CONVERSION = YES;
				CLANG_WARN_NON_LITERAL_NULL_CONVERSION = YES;
				CLANG_WARN_OBJC_IMPLICIT_RETAIN_SELF = YES;
				CLANG_WARN_OBJC_LITERAL_CONVERSION = YES;
				CLANG_WARN_OBJC_ROOT_CLASS = YES_ERROR;
				CLANG_WARN_QUOTED_INCLUDE_IN_FRAMEWORK_HEADER = YES;
				CLANG_WARN_RANGE_LOOP_ANALYSIS = YES;
				CLANG_WARN_STRICT_PROTOTYPES = YES;
				CLANG_WARN_SUSPICIOUS_MOVE = YES;
				CLANG_WARN_UNGUARDED_AVAILABILITY = YES_AGGRESSIVE;
				CLANG_WARN_UNREACHABLE_CODE = YES;
				CLANG_WARN__DUPLICATE_METHOD_MATCH = YES;
				COPY_PHASE_STRIP = NO;
				DEBUG_INFORMATION_FORMAT = dwarf;
				ENABLE_STRICT_OBJC_MSGSEND = YES;
				ENABLE_TESTABILITY = YES;
				ENABLE_USER_SCRIPT_SANDBOXING = YES;
				GCC_C_LANGUAGE_STANDARD = gnu17;
				GCC_DYNAMIC_NO_PIC = NO;
				GCC_NO_COMMON_BLOCKS = YES;
				GCC_OPTIMIZATION_LEVEL = 0;
				GCC_PREPROCESSOR_DEFINITIONS = (
					"DEBUG=1",
					"$(inherited)",
				);
				GCC_WARN_64_TO_32_BIT_CONVERSION = YES;
				GCC_WARN_ABOUT_RETURN_TYPE = YES_ERROR;
				GCC_WARN_UNDECLARED_SELECTOR = YES;
				GCC_WARN_UNINITIALIZED_AUTOS = YES_AGGRESSIVE;
				GCC_WARN_UNUSED_FUNCTION = YES;
				GCC_WARN_UNUSED_VARIABLE = YES;
				IPHONEOS_DEPLOYMENT_TARGET = 18.1;
				LOCALIZATION_PREFERS_STRING_CATALOGS = YES;
				MTL_ENABLE_DEBUG_INFO = INCLUDE_SOURCE;
				MTL_FAST_MATH = YES;
				ONLY_ACTIVE_ARCH = YES;
				SDKROOT = iphoneos;
				SWIFT_ACTIVE_COMPILATION_CONDITIONS = "DEBUG INTERNAL_BUILD $(inherited)";
				SWIFT_OPTIMIZATION_LEVEL = "-Onone";
			};
			name = Debug;
		};
		D1A7D0CA2D41CD0500C00503 /* Release */ = {
			isa = XCBuildConfiguration;
			buildSettings = {
				ALWAYS_SEARCH_USER_PATHS = NO;
				ASSETCATALOG_COMPILER_GENERATE_SWIFT_ASSET_SYMBOL_EXTENSIONS = YES;
				CLANG_ANALYZER_NONNULL = YES;
				CLANG_ANALYZER_NUMBER_OBJECT_CONVERSION = YES_AGGRESSIVE;
				CLANG_CXX_LANGUAGE_STANDARD = "gnu++20";
				CLANG_ENABLE_MODULES = YES;
				CLANG_ENABLE_OBJC_ARC = YES;
				CLANG_ENABLE_OBJC_WEAK = YES;
				CLANG_WARN_BLOCK_CAPTURE_AUTORELEASING = YES;
				CLANG_WARN_BOOL_CONVERSION = YES;
				CLANG_WARN_COMMA = YES;
				CLANG_WARN_CONSTANT_CONVERSION = YES;
				CLANG_WARN_DEPRECATED_OBJC_IMPLEMENTATIONS = YES;
				CLANG_WARN_DIRECT_OBJC_ISA_USAGE = YES_ERROR;
				CLANG_WARN_DOCUMENTATION_COMMENTS = YES;
				CLANG_WARN_EMPTY_BODY = YES;
				CLANG_WARN_ENUM_CONVERSION = YES;
				CLANG_WARN_INFINITE_RECURSION = YES;
				CLANG_WARN_INT_CONVERSION = YES;
				CLANG_WARN_NON_LITERAL_NULL_CONVERSION = YES;
				CLANG_WARN_OBJC_IMPLICIT_RETAIN_SELF = YES;
				CLANG_WARN_OBJC_LITERAL_CONVERSION = YES;
				CLANG_WARN_OBJC_ROOT_CLASS = YES_ERROR;
				CLANG_WARN_QUOTED_INCLUDE_IN_FRAMEWORK_HEADER = YES;
				CLANG_WARN_RANGE_LOOP_ANALYSIS = YES;
				CLANG_WARN_STRICT_PROTOTYPES = YES;
				CLANG_WARN_SUSPICIOUS_MOVE = YES;
				CLANG_WARN_UNGUARDED_AVAILABILITY = YES_AGGRESSIVE;
				CLANG_WARN_UNREACHABLE_CODE = YES;
				CLANG_WARN__DUPLICATE_METHOD_MATCH = YES;
				COPY_PHASE_STRIP = NO;
				DEBUG_INFORMATION_FORMAT = "dwarf-with-dsym";
				ENABLE_NS_ASSERTIONS = NO;
				ENABLE_STRICT_OBJC_MSGSEND = YES;
				ENABLE_USER_SCRIPT_SANDBOXING = YES;
				GCC_C_LANGUAGE_STANDARD = gnu17;
				GCC_NO_COMMON_BLOCKS = YES;
				GCC_WARN_64_TO_32_BIT_CONVERSION = YES;
				GCC_WARN_ABOUT_RETURN_TYPE = YES_ERROR;
				GCC_WARN_UNDECLARED_SELECTOR = YES;
				GCC_WARN_UNINITIALIZED_AUTOS = YES_AGGRESSIVE;
				GCC_WARN_UNUSED_FUNCTION = YES;
				GCC_WARN_UNUSED_VARIABLE = YES;
				IPHONEOS_DEPLOYMENT_TARGET = 18.1;
				LOCALIZATION_PREFERS_STRING_CATALOGS = YES;
				MTL_ENABLE_DEBUG_INFO = NO;
				MTL_FAST_MATH = YES;
				SDKROOT = iphoneos;
				SWIFT_COMPILATION_MODE = wholemodule;
				VALIDATE_PRODUCT = YES;
			};
			name = Release;
		};
		D1A7D0CC2D41CD0500C00503 /* Debug */ = {
			isa = XCBuildConfiguration;
			buildSettings = {
				ASSETCATALOG_COMPILER_APPICON_NAME = AppIcon;
				ASSETCATALOG_COMPILER_GLOBAL_ACCENT_COLOR_NAME = AccentColor;
				CODE_SIGN_ENTITLEMENTS = FinixTapToPaySDKDemo/FinixTapToPaySDKDemoApp.entitlements;
				CODE_SIGN_STYLE = Automatic;
				CURRENT_PROJECT_VERSION = 1;
				DEVELOPMENT_ASSET_PATHS = "\"FinixTapToPaySDKDemo/Preview Content\"";
				DEVELOPMENT_TEAM = 64N4PZ4S9P;
				ENABLE_PREVIEWS = YES;
				GENERATE_INFOPLIST_FILE = YES;
				INFOPLIST_FILE = FinixTapToPaySDKDemo/Info.plist;
				INFOPLIST_KEY_NSBluetoothAlwaysUsageDescription = "This app requires bluetooth access to communicate with card readers";
				INFOPLIST_KEY_UIApplicationSceneManifest_Generation = YES;
				INFOPLIST_KEY_UIApplicationSupportsIndirectInputEvents = YES;
				INFOPLIST_KEY_UILaunchScreen_Generation = YES;
				INFOPLIST_KEY_UILaunchStoryboardName = LaunchScreen.storyboard;
				INFOPLIST_KEY_UIRequiresFullScreen = YES;
				INFOPLIST_KEY_UISupportedInterfaceOrientations = UIInterfaceOrientationPortrait;
				IPHONEOS_DEPLOYMENT_TARGET = 18.1;
				LD_RUNPATH_SEARCH_PATHS = (
					"$(inherited)",
					"@executable_path/Frameworks",
				);
				MARKETING_VERSION = 1.0.0;
				PRODUCT_BUNDLE_IDENTIFIER = com.finix.FinixTapToPaySDKDemo;
				PRODUCT_NAME = "$(TARGET_NAME)";
				SWIFT_EMIT_LOC_STRINGS = YES;
				SWIFT_VERSION = 5.0;
				TARGETED_DEVICE_FAMILY = 1;
			};
			name = Debug;
		};
		D1A7D0CD2D41CD0500C00503 /* Release */ = {
			isa = XCBuildConfiguration;
			buildSettings = {
				ASSETCATALOG_COMPILER_APPICON_NAME = AppIcon;
				ASSETCATALOG_COMPILER_GLOBAL_ACCENT_COLOR_NAME = AccentColor;
				CODE_SIGN_ENTITLEMENTS = FinixTapToPaySDKDemo/FinixTapToPaySDKDemoApp.entitlements;
				CODE_SIGN_STYLE = Automatic;
				CURRENT_PROJECT_VERSION = 1;
				DEVELOPMENT_ASSET_PATHS = "\"FinixTapToPaySDKDemo/Preview Content\"";
				DEVELOPMENT_TEAM = 64N4PZ4S9P;
				ENABLE_PREVIEWS = YES;
				GENERATE_INFOPLIST_FILE = YES;
				INFOPLIST_FILE = FinixTapToPaySDKDemo/Info.plist;
				INFOPLIST_KEY_NSBluetoothAlwaysUsageDescription = "This app requires bluetooth access to communicate with card readers";
				INFOPLIST_KEY_UIApplicationSceneManifest_Generation = YES;
				INFOPLIST_KEY_UIApplicationSupportsIndirectInputEvents = YES;
				INFOPLIST_KEY_UILaunchScreen_Generation = YES;
				INFOPLIST_KEY_UILaunchStoryboardName = LaunchScreen.storyboard;
				INFOPLIST_KEY_UIRequiresFullScreen = YES;
				INFOPLIST_KEY_UISupportedInterfaceOrientations = UIInterfaceOrientationPortrait;
				IPHONEOS_DEPLOYMENT_TARGET = 18.1;
				LD_RUNPATH_SEARCH_PATHS = (
					"$(inherited)",
					"@executable_path/Frameworks",
				);
				MARKETING_VERSION = 1.0.0;
				PRODUCT_BUNDLE_IDENTIFIER = com.finix.FinixTapToPaySDKDemo;
				PRODUCT_NAME = "$(TARGET_NAME)";
				SWIFT_EMIT_LOC_STRINGS = YES;
				SWIFT_VERSION = 5.0;
				TARGETED_DEVICE_FAMILY = 1;
			};
			name = Release;
		};
		D1A7D0CF2D41CD0500C00503 /* Debug */ = {
			isa = XCBuildConfiguration;
			buildSettings = {
				BUNDLE_LOADER = "$(TEST_HOST)";
				CODE_SIGN_STYLE = Automatic;
				CURRENT_PROJECT_VERSION = 1;
				DEVELOPMENT_TEAM = 64N4PZ4S9P;
				GENERATE_INFOPLIST_FILE = YES;
				IPHONEOS_DEPLOYMENT_TARGET = 18.1;
				MARKETING_VERSION = 1.0;
				PRODUCT_BUNDLE_IDENTIFIER = com.finix.FinixTapToPaySDKDemoTests;
				PRODUCT_NAME = "$(TARGET_NAME)";
				SWIFT_EMIT_LOC_STRINGS = NO;
				SWIFT_VERSION = 5.0;
				TARGETED_DEVICE_FAMILY = 1;
				TEST_HOST = "$(BUILT_PRODUCTS_DIR)/FinixTapToPaySDKDemo.app/$(BUNDLE_EXECUTABLE_FOLDER_PATH)/FinixTapToPaySDKDemo";
			};
			name = Debug;
		};
		D1A7D0D02D41CD0500C00503 /* Release */ = {
			isa = XCBuildConfiguration;
			buildSettings = {
				BUNDLE_LOADER = "$(TEST_HOST)";
				CODE_SIGN_STYLE = Automatic;
				CURRENT_PROJECT_VERSION = 1;
				DEVELOPMENT_TEAM = 64N4PZ4S9P;
				GENERATE_INFOPLIST_FILE = YES;
				IPHONEOS_DEPLOYMENT_TARGET = 18.1;
				MARKETING_VERSION = 1.0;
				PRODUCT_BUNDLE_IDENTIFIER = com.finix.FinixTapToPaySDKDemoTests;
				PRODUCT_NAME = "$(TARGET_NAME)";
				SWIFT_EMIT_LOC_STRINGS = NO;
				SWIFT_VERSION = 5.0;
				TARGETED_DEVICE_FAMILY = 1;
				TEST_HOST = "$(BUILT_PRODUCTS_DIR)/FinixTapToPaySDKDemo.app/$(BUNDLE_EXECUTABLE_FOLDER_PATH)/FinixTapToPaySDKDemo";
			};
			name = Release;
		};
		D1A7D0D22D41CD0500C00503 /* Debug */ = {
			isa = XCBuildConfiguration;
			buildSettings = {
				CODE_SIGN_STYLE = Automatic;
				CURRENT_PROJECT_VERSION = 1;
				DEVELOPMENT_TEAM = 64N4PZ4S9P;
				GENERATE_INFOPLIST_FILE = YES;
				MARKETING_VERSION = 1.0;
				PRODUCT_BUNDLE_IDENTIFIER = com.finix.FinixTapToPaySDKDemoUITests;
				PRODUCT_NAME = "$(TARGET_NAME)";
				SWIFT_EMIT_LOC_STRINGS = NO;
				SWIFT_VERSION = 5.0;
				TARGETED_DEVICE_FAMILY = 1;
				TEST_TARGET_NAME = FinixTapToPaySDKDemo;
			};
			name = Debug;
		};
		D1A7D0D32D41CD0500C00503 /* Release */ = {
			isa = XCBuildConfiguration;
			buildSettings = {
				CODE_SIGN_STYLE = Automatic;
				CURRENT_PROJECT_VERSION = 1;
				DEVELOPMENT_TEAM = 64N4PZ4S9P;
				GENERATE_INFOPLIST_FILE = YES;
				MARKETING_VERSION = 1.0;
				PRODUCT_BUNDLE_IDENTIFIER = com.finix.FinixTapToPaySDKDemoUITests;
				PRODUCT_NAME = "$(TARGET_NAME)";
				SWIFT_EMIT_LOC_STRINGS = NO;
				SWIFT_VERSION = 5.0;
				TARGETED_DEVICE_FAMILY = 1;
				TEST_TARGET_NAME = FinixTapToPaySDKDemo;
			};
			name = Release;
		};
/* End XCBuildConfiguration section */

/* Begin XCConfigurationList section */
		D1A7D0A22D41CD0300C00503 /* Build configuration list for PBXProject "FinixTapToPaySDKDemo" */ = {
			isa = XCConfigurationList;
			buildConfigurations = (
				D1A7D0C92D41CD0500C00503 /* Debug */,
				D1A7D0CA2D41CD0500C00503 /* Release */,
			);
			defaultConfigurationIsVisible = 0;
			defaultConfigurationName = Release;
		};
		D1A7D0CB2D41CD0500C00503 /* Build configuration list for PBXNativeTarget "FinixTapToPaySDKDemo" */ = {
			isa = XCConfigurationList;
			buildConfigurations = (
				D1A7D0CC2D41CD0500C00503 /* Debug */,
				D1A7D0CD2D41CD0500C00503 /* Release */,
			);
			defaultConfigurationIsVisible = 0;
			defaultConfigurationName = Release;
		};
		D1A7D0CE2D41CD0500C00503 /* Build configuration list for PBXNativeTarget "FinixTapToPaySDKDemoTests" */ = {
			isa = XCConfigurationList;
			buildConfigurations = (
				D1A7D0CF2D41CD0500C00503 /* Debug */,
				D1A7D0D02D41CD0500C00503 /* Release */,
			);
			defaultConfigurationIsVisible = 0;
			defaultConfigurationName = Release;
		};
		D1A7D0D12D41CD0500C00503 /* Build configuration list for PBXNativeTarget "FinixTapToPaySDKDemoUITests" */ = {
			isa = XCConfigurationList;
			buildConfigurations = (
				D1A7D0D22D41CD0500C00503 /* Debug */,
				D1A7D0D32D41CD0500C00503 /* Release */,
			);
			defaultConfigurationIsVisible = 0;
			defaultConfigurationName = Release;
		};
/* End XCConfigurationList section */

/* Begin XCRemoteSwiftPackageReference section */
		D15136AE306F1E62006A499C /* XCRemoteSwiftPackageReference "finix-taptopay-ios-sdk" */ = {
			isa = XCRemoteSwiftPackageReference;
			repositoryURL = "https://github.com/finix-payments/finix-taptopay-ios-sdk/";
			requirement = {
				kind = upToNextMinorVersion;
				minimumVersion = 1.2.1;
			};
		};
/* End XCRemoteSwiftPackageReference section */

/* Begin XCSwiftPackageProductDependency section */
		D15136AF306F1E62006A499C /* FinixTapToPaySDK */ = {
			isa = XCSwiftPackageProductDependency;
			package = D15136AE306F1E62006A499C /* XCRemoteSwiftPackageReference "finix-taptopay-ios-sdk" */;
			productName = FinixTapToPaySDK;
		};
/* End XCSwiftPackageProductDependency section */
	};
	rootObject = D1A7D09F2D41CD0300C00503 /* Project object */;
}
